
Microsoft Visual Studio Solution File, Format Version 12.00
# Visual Studio 15
VisualStudioVersion = 15.0.26430.6
MinimumVisualStudioVersion = 10.0.40219.1
Project("{FAE04EC0-301F-11D3-BF4B-00C04F79EFBC}") = "Circumference of a circle", "Circumference of a circle\Circumference of a circle.csproj", "{FDD7FA13-1F18-4F01-93B4-71ACC46C16A0}"
EndProject
Global
	GlobalSection(SolutionConfigurationPlatforms) = preSolution
		Debug|Any CPU = Debug|Any CPU
		Release|Any CPU = Release|Any CPU
	EndGlobalSection
	GlobalSection(ProjectConfigurationPlatforms) = postSolution
		{FDD7FA13-1F18-4F01-93B4-71ACC46C16A0}.Debug|Any CPU.ActiveCfg = Debug|Any CPU
		{FDD7FA13-1F18-4F01-93B4-71ACC46C16A0}.Debug|Any CPU.Build.0 = Debug|Any CPU
		{FDD7FA13-1F18-4F01-93B4-71ACC46C16A0}.Release|Any CPU.ActiveCfg = Release|Any CPU
		{FDD7FA13-1F18-4F01-93B4-71ACC46C16A0}.Release|Any CPU.Build.0 = Release|Any CPU
	EndGlobalSection
	GlobalSection(SolutionProperties) = preSolution
		HideSolutionNode = FALSE
	EndGlobalSection
EndGlobal
